
<Scheme version="1.3" LastUpgradeVersion="1000">
    <BuildAction buildImplicitDependencies="YES" parallelizeBuildables="YES">
        <BuildActionEntries>
            <BuildActionEntry buildForTesting="YES" buildForRunning="YES" buildForArchiving="YES" buildForAnalyzing="YES" buildForProfiling="YES">
                <BuildableReference BuildableName="libmediapipe-objc-mediapipe_framework_ios.a" BlueprintName="mediapipe-objc-mediapipe_framework_ios" ReferencedContainer="container:Mediapipe.xcodeproj" BuildableIdentifier="primary" BlueprintIdentifier="3D054A1EE8F67AD000000000"></BuildableReference>
            </BuildActionEntry>
        </BuildActionEntries>
        <PreActions>
            <ExecutionAction ActionType="Xcode.IDEStandardExecutionActionsCore.ExecutionActionType.ShellScriptAction">
                <ActionContent title="Run Script" scriptText="">
                    <EnvironmentBuildable>
                        <BuildableReference ReferencedContainer="container:Mediapipe.xcodeproj" BlueprintName="mediapipe-objc-mediapipe_framework_ios" BuildableIdentifier="primary" BlueprintIdentifier="3D054A1EE8F67AD000000000" BuildableName="libmediapipe-objc-mediapipe_framework_ios.a"></BuildableReference>
                    </EnvironmentBuildable>
                </ActionContent>
            </ExecutionAction>
        </PreActions>
        <PostActions>
            <ExecutionAction ActionType="Xcode.IDEStandardExecutionActionsCore.ExecutionActionType.ShellScriptAction">
                <ActionContent title="Run Script" scriptText="">
                    <EnvironmentBuildable>
                        <BuildableReference BuildableIdentifier="primary" BlueprintIdentifier="3D054A1EE8F67AD000000000" BlueprintName="mediapipe-objc-mediapipe_framework_ios" BuildableName="libmediapipe-objc-mediapipe_framework_ios.a" ReferencedContainer="container:Mediapipe.xcodeproj"></BuildableReference>
                    </EnvironmentBuildable>
                </ActionContent>
            </ExecutionAction>
        </PostActions>
    </BuildAction>
    <TestAction shouldUseLaunchSchemeArgsEnv="YES" selectedDebuggerIdentifier="Xcode.DebuggerFoundation.Debugger.LLDB" selectedLauncherIdentifier="Xcode.DebuggerFoundation.Launcher.LLDB" buildConfiguration="__TulsiTestRunner_Debug">
        <Testables></Testables>
        <PreActions>
            <ExecutionAction ActionType="Xcode.IDEStandardExecutionActionsCore.ExecutionActionType.ShellScriptAction">
                <ActionContent title="Run Script" scriptText="">
                    <EnvironmentBuildable>
                        <BuildableReference BlueprintIdentifier="3D054A1EE8F67AD000000000" BlueprintName="mediapipe-objc-mediapipe_framework_ios" BuildableName="libmediapipe-objc-mediapipe_framework_ios.a" ReferencedContainer="container:Mediapipe.xcodeproj" BuildableIdentifier="primary"></BuildableReference>
                    </EnvironmentBuildable>
                </ActionContent>
            </ExecutionAction>
        </PreActions>
        <PostActions>
            <ExecutionAction ActionType="Xcode.IDEStandardExecutionActionsCore.ExecutionActionType.ShellScriptAction">
                <ActionContent title="Run Script" scriptText="">
                    <EnvironmentBuildable>
                        <BuildableReference BuildableName="libmediapipe-objc-mediapipe_framework_ios.a" BlueprintIdentifier="3D054A1EE8F67AD000000000" ReferencedContainer="container:Mediapipe.xcodeproj" BuildableIdentifier="primary" BlueprintName="mediapipe-objc-mediapipe_framework_ios"></BuildableReference>
                    </EnvironmentBuildable>
                </ActionContent>
            </ExecutionAction>
        </PostActions>
        <BuildableProductRunnable runnableDebuggingMode="0">
            <BuildableReference BlueprintIdentifier="3D054A1EE8F67AD000000000" BuildableIdentifier="primary" BuildableName="libmediapipe-objc-mediapipe_framework_ios.a" BlueprintName="mediapipe-objc-mediapipe_framework_ios" ReferencedContainer="container:Mediapipe.xcodeproj"></BuildableReference>
        </BuildableProductRunnable>
    </TestAction>
    <LaunchAction allowLocationSimulation="YES" buildConfiguration="Debug" selectedDebuggerIdentifier="Xcode.DebuggerFoundation.Debugger.LLDB" selectedLauncherIdentifier="Xcode.DebuggerFoundation.Launcher.LLDB" debugDocumentVersioning="YES" ignoresPersistentStateOnLaunch="NO" debugServiceExtension="internal" useCustomWorkingDirectory="NO" launchStyle="0">
        <CommandLineArguments>
            <CommandLineArgument isEnabled="YES" argument=""></CommandLineArgument>
        </CommandLineArguments>
        <EnvironmentVariables></EnvironmentVariables>
        <PreActions>
            <ExecutionAction ActionType="Xcode.IDEStandardExecutionActionsCore.ExecutionActionType.ShellScriptAction">
                <ActionContent title="Run Script" scriptText="">
                    <EnvironmentBuildable>
                        <BuildableReference BlueprintIdentifier="3D054A1EE8F67AD000000000" BuildableIdentifier="primary" BlueprintName="mediapipe-objc-mediapipe_framework_ios" ReferencedContainer="container:Mediapipe.xcodeproj" BuildableName="libmediapipe-objc-mediapipe_framework_ios.a"></BuildableReference>
                    </EnvironmentBuildable>
                </ActionContent>
            </ExecutionAction>
        </PreActions>
        <PostActions>
            <ExecutionAction ActionType="Xcode.IDEStandardExecutionActionsCore.ExecutionActionType.ShellScriptAction">
                <ActionContent title="Run Script" scriptText="">
                    <EnvironmentBuildable>
                        <BuildableReference BuildableIdentifier="primary" BlueprintName="mediapipe-objc-mediapipe_framework_ios" BlueprintIdentifier="3D054A1EE8F67AD000000000" BuildableName="libmediapipe-objc-mediapipe_framework_ios.a" ReferencedContainer="container:Mediapipe.xcodeproj"></BuildableReference>
                    </EnvironmentBuildable>
                </ActionContent>
            </ExecutionAction>
        </PostActions>
        <MacroExpansion>
            <BuildableReference ReferencedContainer="container:Mediapipe.xcodeproj" BuildableName="libmediapipe-objc-mediapipe_framework_ios.a" BlueprintIdentifier="3D054A1EE8F67AD000000000" BlueprintName="mediapipe-objc-mediapipe_framework_ios" BuildableIdentifier="primary"></BuildableReference>
        </MacroExpansion>
    </LaunchAction>
    <ProfileAction buildConfiguration="__TulsiTestRunner_Release" useCustomWorkingDirectory="NO" debugDocumentVersioning="YES" shouldUseLaunchSchemeArgsEnv="YES">
        <MacroExpansion>
            <BuildableReference BlueprintName="mediapipe-objc-mediapipe_framework_ios" ReferencedContainer="container:Mediapipe.xcodeproj" BlueprintIdentifier="3D054A1EE8F67AD000000000" BuildableName="libmediapipe-objc-mediapipe_framework_ios.a" BuildableIdentifier="primary"></BuildableReference>
        </MacroExpansion>
    </ProfileAction>
    <AnalyzeAction buildConfiguration="Debug"></AnalyzeAction>
    <ArchiveAction buildConfiguration="Release" revealArchiveInOrganizer="YES"></ArchiveAction>
</Scheme>